Microsoft Visual Studio Solution File, Format Version 11.00
# Visual Studio 2008

Project("{3C09B211-8AB8-21AA-5A04-E0F9146C3B09}") = "towerdefence2", "Assembly-CSharp-firstpass-vs.csproj", "{843FEC7F-616B-0E4D-08B8-4A1BC84AA979}"
EndProject
Project("{3C09B211-8AB8-21AA-5A04-E0F9146C3B09}") = "towerdefence2", "Assembly-CSharp-vs.csproj", "{D7829F1A-E3D9-4DE1-35A5-3E5BDFAD5B99}"
EndProject
Global
	GlobalSection(SolutionConfigurationPlatforms) = preSolution
		Debug|Any CPU = Debug|Any CPU
		Release|Any CPU = Release|Any CPU
	EndGlobalSection
	GlobalSection(ProjectConfigurationPlatforms) = postSolution
		{843FEC7F-616B-0E4D-08B8-4A1BC84AA979}.Debug|Any CPU.ActiveCfg = Debug|Any CPU
		{843FEC7F-616B-0E4D-08B8-4A1BC84AA979}.Debug|Any CPU.Build.0 = Debug|Any CPU
		{843FEC7F-616B-0E4D-08B8-4A1BC84AA979}.Release|Any CPU.ActiveCfg = Release|Any CPU
		{843FEC7F-616B-0E4D-08B8-4A1BC84AA979}.Release|Any CPU.Build.0 = Release|Any CPU
		{D7829F1A-E3D9-4DE1-35A5-3E5BDFAD5B99}.Debug|Any CPU.ActiveCfg = Debug|Any CPU
		{D7829F1A-E3D9-4DE1-35A5-3E5BDFAD5B99}.Debug|Any CPU.Build.0 = Debug|Any CPU
		{D7829F1A-E3D9-4DE1-35A5-3E5BDFAD5B99}.Release|Any CPU.ActiveCfg = Release|Any CPU
		{D7829F1A-E3D9-4DE1-35A5-3E5BDFAD5B99}.Release|Any CPU.Build.0 = Release|Any CPU
	EndGlobalSection
	GlobalSection(SolutionProperties) = preSolution
		HideSolutionNode = FALSE
	EndGlobalSection
																			GlobalSection(MonoDevelopProperties) = preSolution
		StartupItem = Assembly-CSharp.csproj
		Policies = $0
		$0.TextStylePolicy = $1
		$1.inheritsSet = null
		$1.scope = text/x-csharp
		$0.CSharpFormattingPolicy = $2
		$2.inheritsSet = Mono
		$2.inheritsScope = text/x-csharp
		$2.scope = text/x-csharp
		$0.TextStylePolicy = $3
		$3.FileWidth = 120
		$3.TabWidth = 4
		$3.EolMarker = Unix
		$3.inheritsSet = Mono
		$3.inheritsScope = text/plain
		$3.scope = text/plain
	EndGlobalSection

EndGlobal
